
Microsoft Visual Studio Solution File, Format Version 10.00
# Visual Studio 2008
Project("{FAE04EC0-301F-11D3-BF4B-00C04F79EFBC}") = "MySimpleTimer_10_04_2010", "MySimpleTimer_10_04_2010.csproj", "{87CFDB38-E686-4593-9698-E3A0C035FE36}"
EndProject
Project("{FAE04EC0-301F-11D3-BF4B-00C04F79EFBC}") = "FormColorPlusMessage1", "FormColorPlusMessage1\FormColorPlusMessage1.csproj", "{B26A1331-8C0F-4820-8211-7E83F6E4340F}"
EndProject
Project("{FAE04EC0-301F-11D3-BF4B-00C04F79EFBC}") = "SimpleCalculator", "SimpleCalculator\SimpleCalculator.csproj", "{2FEEF192-C06A-48B1-9609-EA7371A0B3F3}"
EndProject
Global
	GlobalSection(SolutionConfigurationPlatforms) = preSolution
		Debug|Any CPU = Debug|Any CPU
		Release|Any CPU = Release|Any CPU
	EndGlobalSection
	GlobalSection(ProjectConfigurationPlatforms) = postSolution
		{87CFDB38-E686-4593-9698-E3A0C035FE36}.Debug|Any CPU.ActiveCfg = Debug|Any CPU
		{87CFDB38-E686-4593-9698-E3A0C035FE36}.Debug|Any CPU.Build.0 = Debug|Any CPU
		{87CFDB38-E686-4593-9698-E3A0C035FE36}.Release|Any CPU.ActiveCfg = Release|Any CPU
		{87CFDB38-E686-4593-9698-E3A0C035FE36}.Release|Any CPU.Build.0 = Release|Any CPU
		{B26A1331-8C0F-4820-8211-7E83F6E4340F}.Debug|Any CPU.ActiveCfg = Debug|Any CPU
		{B26A1331-8C0F-4820-8211-7E83F6E4340F}.Debug|Any CPU.Build.0 = Debug|Any CPU
		{B26A1331-8C0F-4820-8211-7E83F6E4340F}.Release|Any CPU.ActiveCfg = Release|Any CPU
		{B26A1331-8C0F-4820-8211-7E83F6E4340F}.Release|Any CPU.Build.0 = Release|Any CPU
		{2FEEF192-C06A-48B1-9609-EA7371A0B3F3}.Debug|Any CPU.ActiveCfg = Debug|Any CPU
		{2FEEF192-C06A-48B1-9609-EA7371A0B3F3}.Debug|Any CPU.Build.0 = Debug|Any CPU
		{2FEEF192-C06A-48B1-9609-EA7371A0B3F3}.Release|Any CPU.ActiveCfg = Release|Any CPU
		{2FEEF192-C06A-48B1-9609-EA7371A0B3F3}.Release|Any CPU.Build.0 = Release|Any CPU
	EndGlobalSection
	GlobalSection(SolutionProperties) = preSolution
		HideSolutionNode = FALSE
	EndGlobalSection
EndGlobal
