
Microsoft Visual Studio Solution File, Format Version 10.00
# Visual Studio 2008
Project("{FAE04EC0-301F-11D3-BF4B-00C04F79EFBC}") = "TrackBarExample1", "TrackBarExample1\TrackBarExample1.csproj", "{EB322B8A-8B67-4565-8F51-FC67C8B8A1C8}"
EndProject
Global
	GlobalSection(SolutionConfigurationPlatforms) = preSolution
		Debug|Any CPU = Debug|Any CPU
		Release|Any CPU = Release|Any CPU
	EndGlobalSection
	GlobalSection(ProjectConfigurationPlatforms) = postSolution
		{EB322B8A-8B67-4565-8F51-FC67C8B8A1C8}.Debug|Any CPU.ActiveCfg = Debug|Any CPU
		{EB322B8A-8B67-4565-8F51-FC67C8B8A1C8}.Debug|Any CPU.Build.0 = Debug|Any CPU
		{EB322B8A-8B67-4565-8F51-FC67C8B8A1C8}.Release|Any CPU.ActiveCfg = Release|Any CPU
		{EB322B8A-8B67-4565-8F51-FC67C8B8A1C8}.Release|Any CPU.Build.0 = Release|Any CPU
	EndGlobalSection
	GlobalSection(SolutionProperties) = preSolution
		HideSolutionNode = FALSE
	EndGlobalSection
EndGlobal
