
Microsoft Visual Studio Solution File, Format Version 10.00
# Visual Studio 2008
Project("{FAE04EC0-301F-11D3-BF4B-00C04F79EFBC}") = "ASCIITank", "ASCIITank.csproj", "{0DDC8022-2E53-4E1A-9570-7504C0714B85}"
EndProject
Project("{FAE04EC0-301F-11D3-BF4B-00C04F79EFBC}") = "consolewriteer", "..\consolewriteer\consolewriteer.csproj", "{B8393911-AEBE-4CB9-AF7A-F5E18E2161AA}"
EndProject
Global
	GlobalSection(SolutionConfigurationPlatforms) = preSolution
		Debug|Any CPU = Debug|Any CPU
		Release|Any CPU = Release|Any CPU
	EndGlobalSection
	GlobalSection(ProjectConfigurationPlatforms) = postSolution
		{0DDC8022-2E53-4E1A-9570-7504C0714B85}.Debug|Any CPU.ActiveCfg = Debug|Any CPU
		{0DDC8022-2E53-4E1A-9570-7504C0714B85}.Debug|Any CPU.Build.0 = Debug|Any CPU
		{0DDC8022-2E53-4E1A-9570-7504C0714B85}.Release|Any CPU.ActiveCfg = Release|Any CPU
		{0DDC8022-2E53-4E1A-9570-7504C0714B85}.Release|Any CPU.Build.0 = Release|Any CPU
		{B8393911-AEBE-4CB9-AF7A-F5E18E2161AA}.Debug|Any CPU.ActiveCfg = Debug|Any CPU
		{B8393911-AEBE-4CB9-AF7A-F5E18E2161AA}.Debug|Any CPU.Build.0 = Debug|Any CPU
		{B8393911-AEBE-4CB9-AF7A-F5E18E2161AA}.Release|Any CPU.ActiveCfg = Release|Any CPU
		{B8393911-AEBE-4CB9-AF7A-F5E18E2161AA}.Release|Any CPU.Build.0 = Release|Any CPU
	EndGlobalSection
	GlobalSection(SolutionProperties) = preSolution
		HideSolutionNode = FALSE
	EndGlobalSection
EndGlobal
