
Microsoft Visual Studio Solution File, Format Version 10.00
# Visual Studio 2008
Project("{FAE04EC0-301F-11D3-BF4B-00C04F79EFBC}") = "PathExample", "PathExample\PathExample.csproj", "{EF1E7E42-CF2C-4D33-9CEE-DD7C3434A599}"
EndProject
Global
	GlobalSection(SolutionConfigurationPlatforms) = preSolution
		Debug|Any CPU = Debug|Any CPU
		Release|Any CPU = Release|Any CPU
	EndGlobalSection
	GlobalSection(ProjectConfigurationPlatforms) = postSolution
		{EF1E7E42-CF2C-4D33-9CEE-DD7C3434A599}.Debug|Any CPU.ActiveCfg = Debug|Any CPU
		{EF1E7E42-CF2C-4D33-9CEE-DD7C3434A599}.Debug|Any CPU.Build.0 = Debug|Any CPU
		{EF1E7E42-CF2C-4D33-9CEE-DD7C3434A599}.Release|Any CPU.ActiveCfg = Release|Any CPU
		{EF1E7E42-CF2C-4D33-9CEE-DD7C3434A599}.Release|Any CPU.Build.0 = Release|Any CPU
	EndGlobalSection
	GlobalSection(SolutionProperties) = preSolution
		HideSolutionNode = FALSE
	EndGlobalSection
EndGlobal
