
Microsoft Visual Studio Solution File, Format Version 9.00
# Visual Studio 2005
Project("{FAE04EC0-301F-11D3-BF4B-00C04F79EFBC}") = "XmlTextReader", "XmlTextReader\XmlTextReader.csproj", "{A42D7149-A4B6-4EED-BF07-C8BDB4CDF8F0}"
EndProject
Global
	GlobalSection(SolutionConfigurationPlatforms) = preSolution
		Debug|Any CPU = Debug|Any CPU
		Release|Any CPU = Release|Any CPU
	EndGlobalSection
	GlobalSection(ProjectConfigurationPlatforms) = postSolution
		{A42D7149-A4B6-4EED-BF07-C8BDB4CDF8F0}.Debug|Any CPU.ActiveCfg = Debug|Any CPU
		{A42D7149-A4B6-4EED-BF07-C8BDB4CDF8F0}.Debug|Any CPU.Build.0 = Debug|Any CPU
		{A42D7149-A4B6-4EED-BF07-C8BDB4CDF8F0}.Release|Any CPU.ActiveCfg = Release|Any CPU
		{A42D7149-A4B6-4EED-BF07-C8BDB4CDF8F0}.Release|Any CPU.Build.0 = Release|Any CPU
	EndGlobalSection
	GlobalSection(SolutionProperties) = preSolution
		HideSolutionNode = FALSE
	EndGlobalSection
EndGlobal
