
Microsoft Visual Studio Solution File, Format Version 10.00
# Visual Studio 2008
Project("{FAE04EC0-301F-11D3-BF4B-00C04F79EFBC}") = "AsyncRequest", "AsyncRequest\AsyncRequest.csproj", "{DBE1F1E7-B519-40A2-9254-C30EAFAB1FEE}"
EndProject
Global
	GlobalSection(SolutionConfigurationPlatforms) = preSolution
		Debug|Any CPU = Debug|Any CPU
		Release|Any CPU = Release|Any CPU
	EndGlobalSection
	GlobalSection(ProjectConfigurationPlatforms) = postSolution
		{DBE1F1E7-B519-40A2-9254-C30EAFAB1FEE}.Debug|Any CPU.ActiveCfg = Debug|Any CPU
		{DBE1F1E7-B519-40A2-9254-C30EAFAB1FEE}.Debug|Any CPU.Build.0 = Debug|Any CPU
		{DBE1F1E7-B519-40A2-9254-C30EAFAB1FEE}.Release|Any CPU.ActiveCfg = Release|Any CPU
		{DBE1F1E7-B519-40A2-9254-C30EAFAB1FEE}.Release|Any CPU.Build.0 = Release|Any CPU
	EndGlobalSection
	GlobalSection(SolutionProperties) = preSolution
		HideSolutionNode = FALSE
	EndGlobalSection
EndGlobal
