
Microsoft Visual Studio Solution File, Format Version 10.00
# Visual Studio 2008
Project("{8BC9CEB8-8B4A-11D0-8D11-00A0C91BC942}") = "screen_watch_api", "screen_watch_api\screen_watch_api.vcproj", "{F1C2BE2D-3460-4C4E-9B9A-6E22566BB070}"
EndProject
Global
	GlobalSection(SolutionConfigurationPlatforms) = preSolution
		Debug|Win32 = Debug|Win32
		Release|Win32 = Release|Win32
	EndGlobalSection
	GlobalSection(ProjectConfigurationPlatforms) = postSolution
		{F1C2BE2D-3460-4C4E-9B9A-6E22566BB070}.Debug|Win32.ActiveCfg = Debug|Win32
		{F1C2BE2D-3460-4C4E-9B9A-6E22566BB070}.Debug|Win32.Build.0 = Debug|Win32
		{F1C2BE2D-3460-4C4E-9B9A-6E22566BB070}.Release|Win32.ActiveCfg = Release|Win32
		{F1C2BE2D-3460-4C4E-9B9A-6E22566BB070}.Release|Win32.Build.0 = Release|Win32
	EndGlobalSection
	GlobalSection(SolutionProperties) = preSolution
		HideSolutionNode = FALSE
	EndGlobalSection
EndGlobal
