
Microsoft Visual Studio Solution File, Format Version 10.00
# Visual Studio 2008
Project("{FAE04EC0-301F-11D3-BF4B-00C04F79EFBC}") = "PrintWithStatusBar", "PrintWithStatusBar\PrintWithStatusBar.csproj", "{6BB26FE2-84A9-457D-8259-A4B0E835528F}"
EndProject
Global
	GlobalSection(SolutionConfigurationPlatforms) = preSolution
		Debug|Any CPU = Debug|Any CPU
		Release|Any CPU = Release|Any CPU
	EndGlobalSection
	GlobalSection(ProjectConfigurationPlatforms) = postSolution
		{6BB26FE2-84A9-457D-8259-A4B0E835528F}.Debug|Any CPU.ActiveCfg = Debug|Any CPU
		{6BB26FE2-84A9-457D-8259-A4B0E835528F}.Debug|Any CPU.Build.0 = Debug|Any CPU
		{6BB26FE2-84A9-457D-8259-A4B0E835528F}.Release|Any CPU.ActiveCfg = Release|Any CPU
		{6BB26FE2-84A9-457D-8259-A4B0E835528F}.Release|Any CPU.Build.0 = Release|Any CPU
	EndGlobalSection
	GlobalSection(SolutionProperties) = preSolution
		HideSolutionNode = FALSE
	EndGlobalSection
EndGlobal
