
Microsoft Visual Studio Solution File, Format Version 10.00
# Visual Studio 2008
Project("{FAE04EC0-301F-11D3-BF4B-00C04F79EFBC}") = "Template", "Template\Template.csproj", "{3EE08A28-FC5C-46C1-AACF-323D64D9FAF2}"
EndProject
Global
	GlobalSection(SolutionConfigurationPlatforms) = preSolution
		Debug|Any CPU = Debug|Any CPU
		Release|Any CPU = Release|Any CPU
	EndGlobalSection
	GlobalSection(ProjectConfigurationPlatforms) = postSolution
		{3EE08A28-FC5C-46C1-AACF-323D64D9FAF2}.Debug|Any CPU.ActiveCfg = Debug|Any CPU
		{3EE08A28-FC5C-46C1-AACF-323D64D9FAF2}.Debug|Any CPU.Build.0 = Debug|Any CPU
		{3EE08A28-FC5C-46C1-AACF-323D64D9FAF2}.Release|Any CPU.ActiveCfg = Release|Any CPU
		{3EE08A28-FC5C-46C1-AACF-323D64D9FAF2}.Release|Any CPU.Build.0 = Release|Any CPU
	EndGlobalSection
	GlobalSection(SolutionProperties) = preSolution
		HideSolutionNode = FALSE
	EndGlobalSection
EndGlobal
