
Microsoft Visual Studio Solution File, Format Version 10.00
# Visual Studio 2008
Project("{FAE04EC0-301F-11D3-BF4B-00C04F79EFBC}") = "HelloWorldWithMessageBoxAndRandomBackColorChange", "HelloWorldWithMessageBoxAndRandomBackColorChange.csproj", "{68E2E58D-A8BE-4528-BF83-229EB74DC385}"
EndProject
Global
	GlobalSection(SolutionConfigurationPlatforms) = preSolution
		Debug|Any CPU = Debug|Any CPU
		Release|Any CPU = Release|Any CPU
	EndGlobalSection
	GlobalSection(ProjectConfigurationPlatforms) = postSolution
		{68E2E58D-A8BE-4528-BF83-229EB74DC385}.Debug|Any CPU.ActiveCfg = Debug|Any CPU
		{68E2E58D-A8BE-4528-BF83-229EB74DC385}.Debug|Any CPU.Build.0 = Debug|Any CPU
		{68E2E58D-A8BE-4528-BF83-229EB74DC385}.Release|Any CPU.ActiveCfg = Release|Any CPU
		{68E2E58D-A8BE-4528-BF83-229EB74DC385}.Release|Any CPU.Build.0 = Release|Any CPU
	EndGlobalSection
	GlobalSection(SolutionProperties) = preSolution
		HideSolutionNode = FALSE
	EndGlobalSection
EndGlobal
