
Microsoft Visual Studio Solution File, Format Version 10.00
# Visual Studio 2008
Project("{FAE04EC0-301F-11D3-BF4B-00C04F79EFBC}") = "ChainOfResponsobility", "ChainOfResponsobility\ChainOfResponsobility.csproj", "{4A94818C-C103-4CFD-BB92-F1C2822DA45B}"
EndProject
Global
	GlobalSection(SolutionConfigurationPlatforms) = preSolution
		Debug|Any CPU = Debug|Any CPU
		Release|Any CPU = Release|Any CPU
	EndGlobalSection
	GlobalSection(ProjectConfigurationPlatforms) = postSolution
		{4A94818C-C103-4CFD-BB92-F1C2822DA45B}.Debug|Any CPU.ActiveCfg = Debug|Any CPU
		{4A94818C-C103-4CFD-BB92-F1C2822DA45B}.Debug|Any CPU.Build.0 = Debug|Any CPU
		{4A94818C-C103-4CFD-BB92-F1C2822DA45B}.Release|Any CPU.ActiveCfg = Release|Any CPU
		{4A94818C-C103-4CFD-BB92-F1C2822DA45B}.Release|Any CPU.Build.0 = Release|Any CPU
	EndGlobalSection
	GlobalSection(SolutionProperties) = preSolution
		HideSolutionNode = FALSE
	EndGlobalSection
EndGlobal
