
Microsoft Visual Studio Solution File, Format Version 10.00
# Visual Studio 2008
Project("{FAE04EC0-301F-11D3-BF4B-00C04F79EFBC}") = "Anketa", "Anketa\Anketa.csproj", "{C2F1FA33-550E-4FC7-9EF7-53C3CDF66B88}"
EndProject
Global
	GlobalSection(SolutionConfigurationPlatforms) = preSolution
		Debug|Any CPU = Debug|Any CPU
		Release|Any CPU = Release|Any CPU
	EndGlobalSection
	GlobalSection(ProjectConfigurationPlatforms) = postSolution
		{C2F1FA33-550E-4FC7-9EF7-53C3CDF66B88}.Debug|Any CPU.ActiveCfg = Debug|Any CPU
		{C2F1FA33-550E-4FC7-9EF7-53C3CDF66B88}.Debug|Any CPU.Build.0 = Debug|Any CPU
		{C2F1FA33-550E-4FC7-9EF7-53C3CDF66B88}.Release|Any CPU.ActiveCfg = Release|Any CPU
		{C2F1FA33-550E-4FC7-9EF7-53C3CDF66B88}.Release|Any CPU.Build.0 = Release|Any CPU
	EndGlobalSection
	GlobalSection(SolutionProperties) = preSolution
		HideSolutionNode = FALSE
	EndGlobalSection
EndGlobal
