
Microsoft Visual Studio Solution File, Format Version 10.00
# Visual Studio 2008
Project("{FAE04EC0-301F-11D3-BF4B-00C04F79EFBC}") = "DependencyPropertyDemo", "DependencyPropertyDemo.csproj", "{61E02305-49F8-479B-8BD1-91432B1BA42A}"
EndProject
Global
	GlobalSection(SolutionConfigurationPlatforms) = preSolution
		Debug|Any CPU = Debug|Any CPU
		Release|Any CPU = Release|Any CPU
	EndGlobalSection
	GlobalSection(ProjectConfigurationPlatforms) = postSolution
		{61E02305-49F8-479B-8BD1-91432B1BA42A}.Debug|Any CPU.ActiveCfg = Debug|Any CPU
		{61E02305-49F8-479B-8BD1-91432B1BA42A}.Debug|Any CPU.Build.0 = Debug|Any CPU
		{61E02305-49F8-479B-8BD1-91432B1BA42A}.Release|Any CPU.ActiveCfg = Release|Any CPU
		{61E02305-49F8-479B-8BD1-91432B1BA42A}.Release|Any CPU.Build.0 = Release|Any CPU
	EndGlobalSection
	GlobalSection(SolutionProperties) = preSolution
		HideSolutionNode = FALSE
	EndGlobalSection
EndGlobal
