
Microsoft Visual Studio Solution File, Format Version 10.00
# Visual Studio 2008
Project("{8BC9CEB8-8B4A-11D0-8D11-00A0C91BC942}") = "Registrator", "Registrator\Registrator.vcproj", "{4380F7F8-831D-4E2C-BA81-85CE612A7713}"
EndProject
Global
	GlobalSection(SolutionConfigurationPlatforms) = preSolution
		Debug|Win32 = Debug|Win32
		Release|Win32 = Release|Win32
	EndGlobalSection
	GlobalSection(ProjectConfigurationPlatforms) = postSolution
		{4380F7F8-831D-4E2C-BA81-85CE612A7713}.Debug|Win32.ActiveCfg = Debug|Win32
		{4380F7F8-831D-4E2C-BA81-85CE612A7713}.Debug|Win32.Build.0 = Debug|Win32
		{4380F7F8-831D-4E2C-BA81-85CE612A7713}.Release|Win32.ActiveCfg = Release|Win32
		{4380F7F8-831D-4E2C-BA81-85CE612A7713}.Release|Win32.Build.0 = Release|Win32
	EndGlobalSection
	GlobalSection(SolutionProperties) = preSolution
		HideSolutionNode = FALSE
	EndGlobalSection
EndGlobal
