
Microsoft Visual Studio Solution File, Format Version 10.00
# Visual Studio 2008
Project("{8BC9CEB8-8B4A-11D0-8D11-00A0C91BC942}") = "Typer", "Typer.vcproj", "{DCF2D2DD-F7F8-4AA9-92A9-0BC6E40E367B}"
EndProject
Global
	GlobalSection(SolutionConfigurationPlatforms) = preSolution
		Debug|Win32 = Debug|Win32
		Release|Win32 = Release|Win32
	EndGlobalSection
	GlobalSection(ProjectConfigurationPlatforms) = postSolution
		{DCF2D2DD-F7F8-4AA9-92A9-0BC6E40E367B}.Debug|Win32.ActiveCfg = Debug|Win32
		{DCF2D2DD-F7F8-4AA9-92A9-0BC6E40E367B}.Debug|Win32.Build.0 = Debug|Win32
		{DCF2D2DD-F7F8-4AA9-92A9-0BC6E40E367B}.Release|Win32.ActiveCfg = Release|Win32
		{DCF2D2DD-F7F8-4AA9-92A9-0BC6E40E367B}.Release|Win32.Build.0 = Release|Win32
	EndGlobalSection
	GlobalSection(SolutionProperties) = preSolution
		HideSolutionNode = FALSE
	EndGlobalSection
EndGlobal
