
Microsoft Visual Studio Solution File, Format Version 10.00
# Visual Studio 2008
Project("{FAE04EC0-301F-11D3-BF4B-00C04F79EFBC}") = "FourthSample", "FourthSample\FourthSample.csproj", "{D03125FE-9544-47FD-B2F0-8C29EB905382}"
EndProject
Global
	GlobalSection(SolutionConfigurationPlatforms) = preSolution
		Debug|Any CPU = Debug|Any CPU
		Release|Any CPU = Release|Any CPU
	EndGlobalSection
	GlobalSection(ProjectConfigurationPlatforms) = postSolution
		{D03125FE-9544-47FD-B2F0-8C29EB905382}.Debug|Any CPU.ActiveCfg = Debug|Any CPU
		{D03125FE-9544-47FD-B2F0-8C29EB905382}.Debug|Any CPU.Build.0 = Debug|Any CPU
		{D03125FE-9544-47FD-B2F0-8C29EB905382}.Release|Any CPU.ActiveCfg = Release|Any CPU
		{D03125FE-9544-47FD-B2F0-8C29EB905382}.Release|Any CPU.Build.0 = Release|Any CPU
	EndGlobalSection
	GlobalSection(SolutionProperties) = preSolution
		HideSolutionNode = FALSE
	EndGlobalSection
EndGlobal
