
Microsoft Visual Studio Solution File, Format Version 10.00
# Visual Studio 2008
Project("{FAE04EC0-301F-11D3-BF4B-00C04F79EFBC}") = "ConsoleInputOutput", "ConsoleInputOutput\ConsoleInputOutput.csproj", "{80E43C8C-01E0-4D84-B199-FF6D96B549F9}"
EndProject
Global
	GlobalSection(SolutionConfigurationPlatforms) = preSolution
		Debug|Any CPU = Debug|Any CPU
		Release|Any CPU = Release|Any CPU
	EndGlobalSection
	GlobalSection(ProjectConfigurationPlatforms) = postSolution
		{80E43C8C-01E0-4D84-B199-FF6D96B549F9}.Debug|Any CPU.ActiveCfg = Debug|Any CPU
		{80E43C8C-01E0-4D84-B199-FF6D96B549F9}.Debug|Any CPU.Build.0 = Debug|Any CPU
		{80E43C8C-01E0-4D84-B199-FF6D96B549F9}.Release|Any CPU.ActiveCfg = Release|Any CPU
		{80E43C8C-01E0-4D84-B199-FF6D96B549F9}.Release|Any CPU.Build.0 = Release|Any CPU
	EndGlobalSection
	GlobalSection(SolutionProperties) = preSolution
		HideSolutionNode = FALSE
	EndGlobalSection
EndGlobal
