
Microsoft Visual Studio Solution File, Format Version 10.00
# Visual Studio 2008
Project("{FAE04EC0-301F-11D3-BF4B-00C04F79EFBC}") = "TimerSample", "TimerSample\TimerSample.csproj", "{B49B27E8-BA82-48AC-810A-B54728BE0EBD}"
EndProject
Project("{FAE04EC0-301F-11D3-BF4B-00C04F79EFBC}") = "TimerSample2", "TimerSample2\TimerSample2.csproj", "{36A480AA-D798-4C7A-B770-5A2921DD5CFB}"
EndProject
Global
	GlobalSection(SolutionConfigurationPlatforms) = preSolution
		Debug|Any CPU = Debug|Any CPU
		Release|Any CPU = Release|Any CPU
	EndGlobalSection
	GlobalSection(ProjectConfigurationPlatforms) = postSolution
		{B49B27E8-BA82-48AC-810A-B54728BE0EBD}.Debug|Any CPU.ActiveCfg = Debug|Any CPU
		{B49B27E8-BA82-48AC-810A-B54728BE0EBD}.Debug|Any CPU.Build.0 = Debug|Any CPU
		{B49B27E8-BA82-48AC-810A-B54728BE0EBD}.Release|Any CPU.ActiveCfg = Release|Any CPU
		{B49B27E8-BA82-48AC-810A-B54728BE0EBD}.Release|Any CPU.Build.0 = Release|Any CPU
		{36A480AA-D798-4C7A-B770-5A2921DD5CFB}.Debug|Any CPU.ActiveCfg = Debug|Any CPU
		{36A480AA-D798-4C7A-B770-5A2921DD5CFB}.Debug|Any CPU.Build.0 = Debug|Any CPU
		{36A480AA-D798-4C7A-B770-5A2921DD5CFB}.Release|Any CPU.ActiveCfg = Release|Any CPU
		{36A480AA-D798-4C7A-B770-5A2921DD5CFB}.Release|Any CPU.Build.0 = Release|Any CPU
	EndGlobalSection
	GlobalSection(SolutionProperties) = preSolution
		HideSolutionNode = FALSE
	EndGlobalSection
EndGlobal
