
Microsoft Visual Studio Solution File, Format Version 9.00
# Visual Studio 2005
Project("{FAE04EC0-301F-11D3-BF4B-00C04F79EFBC}") = "usingDirective1", "usingDirective1\usingDirective1.csproj", "{940685C7-A7C7-4C76-A098-31C650F555F6}"
EndProject
Global
	GlobalSection(SolutionConfigurationPlatforms) = preSolution
		Debug|Any CPU = Debug|Any CPU
		Release|Any CPU = Release|Any CPU
	EndGlobalSection
	GlobalSection(ProjectConfigurationPlatforms) = postSolution
		{940685C7-A7C7-4C76-A098-31C650F555F6}.Debug|Any CPU.ActiveCfg = Debug|Any CPU
		{940685C7-A7C7-4C76-A098-31C650F555F6}.Debug|Any CPU.Build.0 = Debug|Any CPU
		{940685C7-A7C7-4C76-A098-31C650F555F6}.Release|Any CPU.ActiveCfg = Release|Any CPU
		{940685C7-A7C7-4C76-A098-31C650F555F6}.Release|Any CPU.Build.0 = Release|Any CPU
	EndGlobalSection
	GlobalSection(SolutionProperties) = preSolution
		HideSolutionNode = FALSE
	EndGlobalSection
EndGlobal
