
Microsoft Visual Studio Solution File, Format Version 10.00
# Visual Studio 2008
Project("{FAE04EC0-301F-11D3-BF4B-00C04F79EFBC}") = "TextDrawer", "TextDrawer\TextDrawer.csproj", "{CAB11A82-5417-4993-BDA5-B17A677972E1}"
EndProject
Project("{FAE04EC0-301F-11D3-BF4B-00C04F79EFBC}") = "TextWindow", "TextWindow\TextWindow.csproj", "{B75F2F47-5DD2-4A26-8F2C-ADC3FDCFF54C}"
EndProject
Project("{FAE04EC0-301F-11D3-BF4B-00C04F79EFBC}") = "AppDomainSample", "AppDomainSample\AppDomainSample.csproj", "{2C025957-C6FC-499A-9426-89C50F2594A3}"
EndProject
Global
	GlobalSection(SolutionConfigurationPlatforms) = preSolution
		Debug|Any CPU = Debug|Any CPU
		Release|Any CPU = Release|Any CPU
	EndGlobalSection
	GlobalSection(ProjectConfigurationPlatforms) = postSolution
		{CAB11A82-5417-4993-BDA5-B17A677972E1}.Debug|Any CPU.ActiveCfg = Debug|Any CPU
		{CAB11A82-5417-4993-BDA5-B17A677972E1}.Debug|Any CPU.Build.0 = Debug|Any CPU
		{CAB11A82-5417-4993-BDA5-B17A677972E1}.Release|Any CPU.ActiveCfg = Release|Any CPU
		{CAB11A82-5417-4993-BDA5-B17A677972E1}.Release|Any CPU.Build.0 = Release|Any CPU
		{B75F2F47-5DD2-4A26-8F2C-ADC3FDCFF54C}.Debug|Any CPU.ActiveCfg = Debug|Any CPU
		{B75F2F47-5DD2-4A26-8F2C-ADC3FDCFF54C}.Debug|Any CPU.Build.0 = Debug|Any CPU
		{B75F2F47-5DD2-4A26-8F2C-ADC3FDCFF54C}.Release|Any CPU.ActiveCfg = Release|Any CPU
		{B75F2F47-5DD2-4A26-8F2C-ADC3FDCFF54C}.Release|Any CPU.Build.0 = Release|Any CPU
		{2C025957-C6FC-499A-9426-89C50F2594A3}.Debug|Any CPU.ActiveCfg = Debug|Any CPU
		{2C025957-C6FC-499A-9426-89C50F2594A3}.Debug|Any CPU.Build.0 = Debug|Any CPU
		{2C025957-C6FC-499A-9426-89C50F2594A3}.Release|Any CPU.ActiveCfg = Release|Any CPU
		{2C025957-C6FC-499A-9426-89C50F2594A3}.Release|Any CPU.Build.0 = Release|Any CPU
	EndGlobalSection
	GlobalSection(SolutionProperties) = preSolution
		HideSolutionNode = FALSE
	EndGlobalSection
EndGlobal
