
Microsoft Visual Studio Solution File, Format Version 11.00
# Visual Studio 10
Project("{8BC9CEB8-8B4A-11D0-8D11-00A0C91BC942}") = "Win32API - first application", "Win32API - first application\Win32API - first application.vcxproj", "{FA0DF67C-5727-4E35-BE3A-F718437506F7}"
EndProject
Global
	GlobalSection(SolutionConfigurationPlatforms) = preSolution
		Debug|Win32 = Debug|Win32
		Release|Win32 = Release|Win32
	EndGlobalSection
	GlobalSection(ProjectConfigurationPlatforms) = postSolution
		{FA0DF67C-5727-4E35-BE3A-F718437506F7}.Debug|Win32.ActiveCfg = Debug|Win32
		{FA0DF67C-5727-4E35-BE3A-F718437506F7}.Debug|Win32.Build.0 = Debug|Win32
		{FA0DF67C-5727-4E35-BE3A-F718437506F7}.Release|Win32.ActiveCfg = Release|Win32
		{FA0DF67C-5727-4E35-BE3A-F718437506F7}.Release|Win32.Build.0 = Release|Win32
	EndGlobalSection
	GlobalSection(SolutionProperties) = preSolution
		HideSolutionNode = FALSE
	EndGlobalSection
EndGlobal
