
Microsoft Visual Studio Solution File, Format Version 10.00
# Visual Studio 2008
Project("{8BC9CEB8-8B4A-11D0-8D11-00A0C91BC942}") = "3_winapi_simple", "3_winapi_simple\3_winapi_simple.vcproj", "{74A8D8AE-D778-439F-8D0C-7E58D8D45321}"
EndProject
Project("{8BC9CEB8-8B4A-11D0-8D11-00A0C91BC942}") = "my_window_class", "my_window_class\my_window_class.vcproj", "{1D8E616A-ED0B-4397-90E0-739FC982430B}"
EndProject
Global
	GlobalSection(SolutionConfigurationPlatforms) = preSolution
		Debug|Win32 = Debug|Win32
		Release|Win32 = Release|Win32
	EndGlobalSection
	GlobalSection(ProjectConfigurationPlatforms) = postSolution
		{74A8D8AE-D778-439F-8D0C-7E58D8D45321}.Debug|Win32.ActiveCfg = Debug|Win32
		{74A8D8AE-D778-439F-8D0C-7E58D8D45321}.Debug|Win32.Build.0 = Debug|Win32
		{74A8D8AE-D778-439F-8D0C-7E58D8D45321}.Release|Win32.ActiveCfg = Release|Win32
		{74A8D8AE-D778-439F-8D0C-7E58D8D45321}.Release|Win32.Build.0 = Release|Win32
		{1D8E616A-ED0B-4397-90E0-739FC982430B}.Debug|Win32.ActiveCfg = Debug|Win32
		{1D8E616A-ED0B-4397-90E0-739FC982430B}.Debug|Win32.Build.0 = Debug|Win32
		{1D8E616A-ED0B-4397-90E0-739FC982430B}.Release|Win32.ActiveCfg = Release|Win32
		{1D8E616A-ED0B-4397-90E0-739FC982430B}.Release|Win32.Build.0 = Release|Win32
	EndGlobalSection
	GlobalSection(SolutionProperties) = preSolution
		HideSolutionNode = FALSE
	EndGlobalSection
EndGlobal
