
Microsoft Visual Studio Solution File, Format Version 11.00
# Visual Studio 2010
Project("{FAE04EC0-301F-11D3-BF4B-00C04F79EFBC}") = "TheatreTicketBooking.Client", "TheatreTicketBooking.Client\TheatreTicketBooking.Client.csproj", "{3A585B9A-B5C8-441B-BDA8-31E0A65F3B82}"
EndProject
Project("{FAE04EC0-301F-11D3-BF4B-00C04F79EFBC}") = "TheatreTicketBooking.DataAccess", "TheatreTicketBooking.DataAccess\TheatreTicketBooking.DataAccess.csproj", "{F0571A5A-2125-4F80-9FC6-10F33FF354EE}"
EndProject
Project("{FAE04EC0-301F-11D3-BF4B-00C04F79EFBC}") = "TheatreTicketBooking.Business", "TheatreTicketBooking.Business\TheatreTicketBooking.Business.csproj", "{6D88EAD7-E3F7-46FA-9226-0B41B8C7719E}"
EndProject
Project("{2150E333-8FDC-42A3-9474-1A3956D46DE8}") = "SQL Scripts", "SQL Scripts", "{AABD9DA7-DD4E-4F55-92CD-7C43E5B21012}"
EndProject
Project("{2150E333-8FDC-42A3-9474-1A3956D46DE8}") = "Externals", "Externals", "{F3C9EFA7-D3D0-49E0-BB55-CD0B044B9D12}"
EndProject
Project("{2150E333-8FDC-42A3-9474-1A3956D46DE8}") = "MVVM Light", "MVVM Light", "{7304C6CD-49E3-48B1-9C89-570F641E99FF}"
	ProjectSection(SolutionItems) = preProject
		Externals\MVVM Light\GalaSoft.MvvmLight.Extras.WPF4.dll = Externals\MVVM Light\GalaSoft.MvvmLight.Extras.WPF4.dll
		Externals\MVVM Light\GalaSoft.MvvmLight.Extras.WPF4.XML = Externals\MVVM Light\GalaSoft.MvvmLight.Extras.WPF4.XML
		Externals\MVVM Light\GalaSoft.MvvmLight.WPF4.dll = Externals\MVVM Light\GalaSoft.MvvmLight.WPF4.dll
		Externals\MVVM Light\GalaSoft.MvvmLight.WPF4.XML = Externals\MVVM Light\GalaSoft.MvvmLight.WPF4.XML
		Externals\MVVM Light\System.Windows.Interactivity.dll = Externals\MVVM Light\System.Windows.Interactivity.dll
	EndProjectSection
EndProject
Global
	GlobalSection(SolutionConfigurationPlatforms) = preSolution
		Debug|Any CPU = Debug|Any CPU
		Debug|Mixed Platforms = Debug|Mixed Platforms
		Debug|x86 = Debug|x86
		Release|Any CPU = Release|Any CPU
		Release|Mixed Platforms = Release|Mixed Platforms
		Release|x86 = Release|x86
	EndGlobalSection
	GlobalSection(ProjectConfigurationPlatforms) = postSolution
		{3A585B9A-B5C8-441B-BDA8-31E0A65F3B82}.Debug|Any CPU.ActiveCfg = Debug|x86
		{3A585B9A-B5C8-441B-BDA8-31E0A65F3B82}.Debug|Mixed Platforms.ActiveCfg = Debug|x86
		{3A585B9A-B5C8-441B-BDA8-31E0A65F3B82}.Debug|Mixed Platforms.Build.0 = Debug|x86
		{3A585B9A-B5C8-441B-BDA8-31E0A65F3B82}.Debug|x86.ActiveCfg = Debug|x86
		{3A585B9A-B5C8-441B-BDA8-31E0A65F3B82}.Debug|x86.Build.0 = Debug|x86
		{3A585B9A-B5C8-441B-BDA8-31E0A65F3B82}.Release|Any CPU.ActiveCfg = Release|x86
		{3A585B9A-B5C8-441B-BDA8-31E0A65F3B82}.Release|Mixed Platforms.ActiveCfg = Release|x86
		{3A585B9A-B5C8-441B-BDA8-31E0A65F3B82}.Release|Mixed Platforms.Build.0 = Release|x86
		{3A585B9A-B5C8-441B-BDA8-31E0A65F3B82}.Release|x86.ActiveCfg = Release|x86
		{3A585B9A-B5C8-441B-BDA8-31E0A65F3B82}.Release|x86.Build.0 = Release|x86
		{F0571A5A-2125-4F80-9FC6-10F33FF354EE}.Debug|Any CPU.ActiveCfg = Debug|Any CPU
		{F0571A5A-2125-4F80-9FC6-10F33FF354EE}.Debug|Any CPU.Build.0 = Debug|Any CPU
		{F0571A5A-2125-4F80-9FC6-10F33FF354EE}.Debug|Mixed Platforms.ActiveCfg = Debug|Any CPU
		{F0571A5A-2125-4F80-9FC6-10F33FF354EE}.Debug|Mixed Platforms.Build.0 = Debug|Any CPU
		{F0571A5A-2125-4F80-9FC6-10F33FF354EE}.Debug|x86.ActiveCfg = Debug|Any CPU
		{F0571A5A-2125-4F80-9FC6-10F33FF354EE}.Release|Any CPU.ActiveCfg = Release|Any CPU
		{F0571A5A-2125-4F80-9FC6-10F33FF354EE}.Release|Any CPU.Build.0 = Release|Any CPU
		{F0571A5A-2125-4F80-9FC6-10F33FF354EE}.Release|Mixed Platforms.ActiveCfg = Release|Any CPU
		{F0571A5A-2125-4F80-9FC6-10F33FF354EE}.Release|Mixed Platforms.Build.0 = Release|Any CPU
		{F0571A5A-2125-4F80-9FC6-10F33FF354EE}.Release|x86.ActiveCfg = Release|Any CPU
		{6D88EAD7-E3F7-46FA-9226-0B41B8C7719E}.Debug|Any CPU.ActiveCfg = Debug|Any CPU
		{6D88EAD7-E3F7-46FA-9226-0B41B8C7719E}.Debug|Any CPU.Build.0 = Debug|Any CPU
		{6D88EAD7-E3F7-46FA-9226-0B41B8C7719E}.Debug|Mixed Platforms.ActiveCfg = Debug|Any CPU
		{6D88EAD7-E3F7-46FA-9226-0B41B8C7719E}.Debug|Mixed Platforms.Build.0 = Debug|Any CPU
		{6D88EAD7-E3F7-46FA-9226-0B41B8C7719E}.Debug|x86.ActiveCfg = Debug|Any CPU
		{6D88EAD7-E3F7-46FA-9226-0B41B8C7719E}.Release|Any CPU.ActiveCfg = Release|Any CPU
		{6D88EAD7-E3F7-46FA-9226-0B41B8C7719E}.Release|Any CPU.Build.0 = Release|Any CPU
		{6D88EAD7-E3F7-46FA-9226-0B41B8C7719E}.Release|Mixed Platforms.ActiveCfg = Release|Any CPU
		{6D88EAD7-E3F7-46FA-9226-0B41B8C7719E}.Release|Mixed Platforms.Build.0 = Release|Any CPU
		{6D88EAD7-E3F7-46FA-9226-0B41B8C7719E}.Release|x86.ActiveCfg = Release|Any CPU
	EndGlobalSection
	GlobalSection(SolutionProperties) = preSolution
		HideSolutionNode = FALSE
	EndGlobalSection
	GlobalSection(NestedProjects) = preSolution
		{7304C6CD-49E3-48B1-9C89-570F641E99FF} = {F3C9EFA7-D3D0-49E0-BB55-CD0B044B9D12}
	EndGlobalSection
EndGlobal
