
Microsoft Visual Studio Solution File, Format Version 10.00
# Visual Studio 2008
Project("{8BC9CEB8-8B4A-11D0-8D11-00A0C91BC942}") = "LogicalFontDefinition", "LogicalFontDefinition\LogicalFontDefinition.vcproj", "{E1210C41-1FA1-4F7F-9ED2-367D7091FA96}"
EndProject
Project("{8BC9CEB8-8B4A-11D0-8D11-00A0C91BC942}") = "AnsiCharMap", "AnsiCharMap\AnsiCharMap.vcproj", "{252A02BC-7F82-4026-970E-EB1BB57B5E71}"
EndProject
Project("{8BC9CEB8-8B4A-11D0-8D11-00A0C91BC942}") = "Template", "Template\Template.vcproj", "{64840125-2A75-4B7E-98FE-92C34AC25425}"
EndProject
Global
	GlobalSection(SolutionConfigurationPlatforms) = preSolution
		Debug|Win32 = Debug|Win32
		Release|Win32 = Release|Win32
	EndGlobalSection
	GlobalSection(ProjectConfigurationPlatforms) = postSolution
		{E1210C41-1FA1-4F7F-9ED2-367D7091FA96}.Debug|Win32.ActiveCfg = Debug|Win32
		{E1210C41-1FA1-4F7F-9ED2-367D7091FA96}.Debug|Win32.Build.0 = Debug|Win32
		{E1210C41-1FA1-4F7F-9ED2-367D7091FA96}.Release|Win32.ActiveCfg = Release|Win32
		{E1210C41-1FA1-4F7F-9ED2-367D7091FA96}.Release|Win32.Build.0 = Release|Win32
		{252A02BC-7F82-4026-970E-EB1BB57B5E71}.Debug|Win32.ActiveCfg = Debug|Win32
		{252A02BC-7F82-4026-970E-EB1BB57B5E71}.Debug|Win32.Build.0 = Debug|Win32
		{252A02BC-7F82-4026-970E-EB1BB57B5E71}.Release|Win32.ActiveCfg = Release|Win32
		{252A02BC-7F82-4026-970E-EB1BB57B5E71}.Release|Win32.Build.0 = Release|Win32
		{64840125-2A75-4B7E-98FE-92C34AC25425}.Debug|Win32.ActiveCfg = Debug|Win32
		{64840125-2A75-4B7E-98FE-92C34AC25425}.Debug|Win32.Build.0 = Debug|Win32
		{64840125-2A75-4B7E-98FE-92C34AC25425}.Release|Win32.ActiveCfg = Release|Win32
		{64840125-2A75-4B7E-98FE-92C34AC25425}.Release|Win32.Build.0 = Release|Win32
	EndGlobalSection
	GlobalSection(SolutionProperties) = preSolution
		HideSolutionNode = FALSE
	EndGlobalSection
EndGlobal
