
Microsoft Visual Studio Solution File, Format Version 10.00
# Visual Studio 2008
Project("{8BC9CEB8-8B4A-11D0-8D11-00A0C91BC942}") = "dom_4_1", "dom_4_1\dom_4_1.vcproj", "{5FB90902-1230-4DB1-A7E8-F74AF247E5BC}"
EndProject
Project("{8BC9CEB8-8B4A-11D0-8D11-00A0C91BC942}") = "dom_4_2", "dom_4_2\dom_4_2.vcproj", "{35928FCA-92DB-4E3E-8CC1-FF097C30988A}"
EndProject
Project("{8BC9CEB8-8B4A-11D0-8D11-00A0C91BC942}") = "dom_4_3", "dom_4_3\dom_4_3.vcproj", "{5FA80CBF-1F60-497F-B546-76A90E1095E8}"
EndProject
Global
	GlobalSection(SolutionConfigurationPlatforms) = preSolution
		Debug|Win32 = Debug|Win32
		Release|Win32 = Release|Win32
	EndGlobalSection
	GlobalSection(ProjectConfigurationPlatforms) = postSolution
		{5FB90902-1230-4DB1-A7E8-F74AF247E5BC}.Debug|Win32.ActiveCfg = Debug|Win32
		{5FB90902-1230-4DB1-A7E8-F74AF247E5BC}.Debug|Win32.Build.0 = Debug|Win32
		{5FB90902-1230-4DB1-A7E8-F74AF247E5BC}.Release|Win32.ActiveCfg = Release|Win32
		{5FB90902-1230-4DB1-A7E8-F74AF247E5BC}.Release|Win32.Build.0 = Release|Win32
		{35928FCA-92DB-4E3E-8CC1-FF097C30988A}.Debug|Win32.ActiveCfg = Debug|Win32
		{35928FCA-92DB-4E3E-8CC1-FF097C30988A}.Debug|Win32.Build.0 = Debug|Win32
		{35928FCA-92DB-4E3E-8CC1-FF097C30988A}.Release|Win32.ActiveCfg = Release|Win32
		{35928FCA-92DB-4E3E-8CC1-FF097C30988A}.Release|Win32.Build.0 = Release|Win32
		{5FA80CBF-1F60-497F-B546-76A90E1095E8}.Debug|Win32.ActiveCfg = Debug|Win32
		{5FA80CBF-1F60-497F-B546-76A90E1095E8}.Debug|Win32.Build.0 = Debug|Win32
		{5FA80CBF-1F60-497F-B546-76A90E1095E8}.Release|Win32.ActiveCfg = Release|Win32
		{5FA80CBF-1F60-497F-B546-76A90E1095E8}.Release|Win32.Build.0 = Release|Win32
	EndGlobalSection
	GlobalSection(SolutionProperties) = preSolution
		HideSolutionNode = FALSE
	EndGlobalSection
EndGlobal
