
Microsoft Visual Studio Solution File, Format Version 10.00
# Visual Studio 2008
Project("{8BC9CEB8-8B4A-11D0-8D11-00A0C91BC942}") = "SimpleThreadMatrixSum", "SimpleThreadMatrixSum\SimpleThreadMatrixSum.vcproj", "{BACA6DD3-A7E8-4BDA-8C88-8B0061174F4C}"
EndProject
Project("{8BC9CEB8-8B4A-11D0-8D11-00A0C91BC942}") = "SimpleThreadWinMatrixSum", "SimpleThreadWinMatrixSum\SimpleThreadWinMatrixSum.vcproj", "{39861E97-A6AC-4CC7-BC1F-89AD91E9108C}"
EndProject
Global
	GlobalSection(SolutionConfigurationPlatforms) = preSolution
		Debug|Win32 = Debug|Win32
		Release|Win32 = Release|Win32
	EndGlobalSection
	GlobalSection(ProjectConfigurationPlatforms) = postSolution
		{BACA6DD3-A7E8-4BDA-8C88-8B0061174F4C}.Debug|Win32.ActiveCfg = Debug|Win32
		{BACA6DD3-A7E8-4BDA-8C88-8B0061174F4C}.Debug|Win32.Build.0 = Debug|Win32
		{BACA6DD3-A7E8-4BDA-8C88-8B0061174F4C}.Release|Win32.ActiveCfg = Release|Win32
		{BACA6DD3-A7E8-4BDA-8C88-8B0061174F4C}.Release|Win32.Build.0 = Release|Win32
		{39861E97-A6AC-4CC7-BC1F-89AD91E9108C}.Debug|Win32.ActiveCfg = Debug|Win32
		{39861E97-A6AC-4CC7-BC1F-89AD91E9108C}.Debug|Win32.Build.0 = Debug|Win32
		{39861E97-A6AC-4CC7-BC1F-89AD91E9108C}.Release|Win32.ActiveCfg = Release|Win32
		{39861E97-A6AC-4CC7-BC1F-89AD91E9108C}.Release|Win32.Build.0 = Release|Win32
	EndGlobalSection
	GlobalSection(SolutionProperties) = preSolution
		HideSolutionNode = FALSE
	EndGlobalSection
EndGlobal
