
Microsoft Visual Studio Solution File, Format Version 10.00
# Visual Studio 2008
Project("{FAE04EC0-301F-11D3-BF4B-00C04F79EFBC}") = "SampleProject", "SampleProject\SampleProject.csproj", "{E95A6F38-5E1D-4E9B-A8C8-4EAA266D6DD2}"
EndProject
Project("{FAE04EC0-301F-11D3-BF4B-00C04F79EFBC}") = "SampleProjectLanServer", "SampleProjectLanServer\SampleProjectLanServer.csproj", "{50F856C6-054E-4F8B-B574-AD7ED8DD5FAA}"
EndProject
Global
	GlobalSection(SolutionConfigurationPlatforms) = preSolution
		Debug|Any CPU = Debug|Any CPU
		Release|Any CPU = Release|Any CPU
	EndGlobalSection
	GlobalSection(ProjectConfigurationPlatforms) = postSolution
		{E95A6F38-5E1D-4E9B-A8C8-4EAA266D6DD2}.Debug|Any CPU.ActiveCfg = Debug|Any CPU
		{E95A6F38-5E1D-4E9B-A8C8-4EAA266D6DD2}.Debug|Any CPU.Build.0 = Debug|Any CPU
		{E95A6F38-5E1D-4E9B-A8C8-4EAA266D6DD2}.Release|Any CPU.ActiveCfg = Release|Any CPU
		{E95A6F38-5E1D-4E9B-A8C8-4EAA266D6DD2}.Release|Any CPU.Build.0 = Release|Any CPU
		{50F856C6-054E-4F8B-B574-AD7ED8DD5FAA}.Debug|Any CPU.ActiveCfg = Debug|Any CPU
		{50F856C6-054E-4F8B-B574-AD7ED8DD5FAA}.Debug|Any CPU.Build.0 = Debug|Any CPU
		{50F856C6-054E-4F8B-B574-AD7ED8DD5FAA}.Release|Any CPU.ActiveCfg = Release|Any CPU
		{50F856C6-054E-4F8B-B574-AD7ED8DD5FAA}.Release|Any CPU.Build.0 = Release|Any CPU
	EndGlobalSection
	GlobalSection(SolutionProperties) = preSolution
		HideSolutionNode = FALSE
	EndGlobalSection
EndGlobal
