
Microsoft Visual Studio Solution File, Format Version 10.00
# Visual Studio 2008
Project("{8BC9CEB8-8B4A-11D0-8D11-00A0C91BC942}") = "tank", "tank\tank.vcproj", "{10BBE007-BE30-41AC-9191-06A4E63FFDF7}"
EndProject
Project("{8BC9CEB8-8B4A-11D0-8D11-00A0C91BC942}") = "tnk", "tnk\tnk.vcproj", "{68B96BFD-B243-4E45-BA90-267B46A6C152}"
EndProject
Global
	GlobalSection(SolutionConfigurationPlatforms) = preSolution
		Debug|Win32 = Debug|Win32
		Release|Win32 = Release|Win32
	EndGlobalSection
	GlobalSection(ProjectConfigurationPlatforms) = postSolution
		{10BBE007-BE30-41AC-9191-06A4E63FFDF7}.Debug|Win32.ActiveCfg = Debug|Win32
		{10BBE007-BE30-41AC-9191-06A4E63FFDF7}.Debug|Win32.Build.0 = Debug|Win32
		{10BBE007-BE30-41AC-9191-06A4E63FFDF7}.Release|Win32.ActiveCfg = Release|Win32
		{10BBE007-BE30-41AC-9191-06A4E63FFDF7}.Release|Win32.Build.0 = Release|Win32
		{68B96BFD-B243-4E45-BA90-267B46A6C152}.Debug|Win32.ActiveCfg = Debug|Win32
		{68B96BFD-B243-4E45-BA90-267B46A6C152}.Debug|Win32.Build.0 = Debug|Win32
		{68B96BFD-B243-4E45-BA90-267B46A6C152}.Release|Win32.ActiveCfg = Release|Win32
		{68B96BFD-B243-4E45-BA90-267B46A6C152}.Release|Win32.Build.0 = Release|Win32
	EndGlobalSection
	GlobalSection(SolutionProperties) = preSolution
		HideSolutionNode = FALSE
	EndGlobalSection
EndGlobal
