
Microsoft Visual Studio Solution File, Format Version 11.00
# Visual Studio 2010
Project("{FAE04EC0-301F-11D3-BF4B-00C04F79EFBC}") = "ProcessDemo", "ProcessDemo.csproj", "{14F910B6-A464-4450-8BFA-CCFF24B963CF}"
EndProject
Global
	GlobalSection(SolutionConfigurationPlatforms) = preSolution
		Debug|x86 = Debug|x86
		Release|x86 = Release|x86
	EndGlobalSection
	GlobalSection(ProjectConfigurationPlatforms) = postSolution
		{14F910B6-A464-4450-8BFA-CCFF24B963CF}.Debug|x86.ActiveCfg = Debug|x86
		{14F910B6-A464-4450-8BFA-CCFF24B963CF}.Debug|x86.Build.0 = Debug|x86
		{14F910B6-A464-4450-8BFA-CCFF24B963CF}.Release|x86.ActiveCfg = Release|x86
		{14F910B6-A464-4450-8BFA-CCFF24B963CF}.Release|x86.Build.0 = Release|x86
	EndGlobalSection
	GlobalSection(SolutionProperties) = preSolution
		HideSolutionNode = FALSE
	EndGlobalSection
EndGlobal
