
Microsoft Visual Studio Solution File, Format Version 10.00
# Visual Studio 2008
Project("{FAE04EC0-301F-11D3-BF4B-00C04F79EFBC}") = "TrackingClimate", "TrackingClimate\TrackingClimate.csproj", "{EC4923C9-8C76-4CA2-B99C-180FEA05C3B9}"
EndProject
Global
	GlobalSection(SolutionConfigurationPlatforms) = preSolution
		Debug|Any CPU = Debug|Any CPU
		Release|Any CPU = Release|Any CPU
	EndGlobalSection
	GlobalSection(ProjectConfigurationPlatforms) = postSolution
		{EC4923C9-8C76-4CA2-B99C-180FEA05C3B9}.Debug|Any CPU.ActiveCfg = Debug|Any CPU
		{EC4923C9-8C76-4CA2-B99C-180FEA05C3B9}.Debug|Any CPU.Build.0 = Debug|Any CPU
		{EC4923C9-8C76-4CA2-B99C-180FEA05C3B9}.Release|Any CPU.ActiveCfg = Release|Any CPU
		{EC4923C9-8C76-4CA2-B99C-180FEA05C3B9}.Release|Any CPU.Build.0 = Release|Any CPU
	EndGlobalSection
	GlobalSection(SolutionProperties) = preSolution
		HideSolutionNode = FALSE
	EndGlobalSection
EndGlobal
