
Microsoft Visual Studio Solution File, Format Version 10.00
# Visual Studio 2008
Project("{FAE04EC0-301F-11D3-BF4B-00C04F79EFBC}") = "Equals_and_ReferenceEquals", "Equals_and_ReferenceEquals\Equals_and_ReferenceEquals.csproj", "{7125BDAC-5B3C-4438-8D69-D8FA35AC5CF3}"
EndProject
Global
	GlobalSection(SolutionConfigurationPlatforms) = preSolution
		Debug|Any CPU = Debug|Any CPU
		Release|Any CPU = Release|Any CPU
	EndGlobalSection
	GlobalSection(ProjectConfigurationPlatforms) = postSolution
		{7125BDAC-5B3C-4438-8D69-D8FA35AC5CF3}.Debug|Any CPU.ActiveCfg = Debug|Any CPU
		{7125BDAC-5B3C-4438-8D69-D8FA35AC5CF3}.Debug|Any CPU.Build.0 = Debug|Any CPU
		{7125BDAC-5B3C-4438-8D69-D8FA35AC5CF3}.Release|Any CPU.ActiveCfg = Release|Any CPU
		{7125BDAC-5B3C-4438-8D69-D8FA35AC5CF3}.Release|Any CPU.Build.0 = Release|Any CPU
	EndGlobalSection
	GlobalSection(SolutionProperties) = preSolution
		HideSolutionNode = FALSE
	EndGlobalSection
EndGlobal
