
Microsoft Visual Studio Solution File, Format Version 10.00
# Visual Studio 2008
Project("{FAE04EC0-301F-11D3-BF4B-00C04F79EFBC}") = "State", "State\State.csproj", "{D9398FCF-8BC5-4B1D-9475-B1C727DD3508}"
EndProject
Global
	GlobalSection(SolutionConfigurationPlatforms) = preSolution
		Debug|Any CPU = Debug|Any CPU
		Release|Any CPU = Release|Any CPU
	EndGlobalSection
	GlobalSection(ProjectConfigurationPlatforms) = postSolution
		{D9398FCF-8BC5-4B1D-9475-B1C727DD3508}.Debug|Any CPU.ActiveCfg = Debug|Any CPU
		{D9398FCF-8BC5-4B1D-9475-B1C727DD3508}.Debug|Any CPU.Build.0 = Debug|Any CPU
		{D9398FCF-8BC5-4B1D-9475-B1C727DD3508}.Release|Any CPU.ActiveCfg = Release|Any CPU
		{D9398FCF-8BC5-4B1D-9475-B1C727DD3508}.Release|Any CPU.Build.0 = Release|Any CPU
	EndGlobalSection
	GlobalSection(SolutionProperties) = preSolution
		HideSolutionNode = FALSE
	EndGlobalSection
EndGlobal
