
Microsoft Visual Studio Solution File, Format Version 10.00
# Visual Studio 2008
Project("{FAE04EC0-301F-11D3-BF4B-00C04F79EFBC}") = "HelloWPF", "HelloWPF.csproj", "{27F4B12E-4AB5-49D6-8CC4-CD41FA26E6F2}"
EndProject
Project("{FAE04EC0-301F-11D3-BF4B-00C04F79EFBC}") = "Reveal", "Reveal\Reveal.csproj", "{943EE0C7-1881-43F3-AFF1-47F99566730F}"
EndProject
Global
	GlobalSection(SolutionConfigurationPlatforms) = preSolution
		Debug|Any CPU = Debug|Any CPU
		Release|Any CPU = Release|Any CPU
	EndGlobalSection
	GlobalSection(ProjectConfigurationPlatforms) = postSolution
		{27F4B12E-4AB5-49D6-8CC4-CD41FA26E6F2}.Debug|Any CPU.ActiveCfg = Debug|Any CPU
		{27F4B12E-4AB5-49D6-8CC4-CD41FA26E6F2}.Debug|Any CPU.Build.0 = Debug|Any CPU
		{27F4B12E-4AB5-49D6-8CC4-CD41FA26E6F2}.Release|Any CPU.ActiveCfg = Release|Any CPU
		{27F4B12E-4AB5-49D6-8CC4-CD41FA26E6F2}.Release|Any CPU.Build.0 = Release|Any CPU
		{943EE0C7-1881-43F3-AFF1-47F99566730F}.Debug|Any CPU.ActiveCfg = Debug|Any CPU
		{943EE0C7-1881-43F3-AFF1-47F99566730F}.Debug|Any CPU.Build.0 = Debug|Any CPU
		{943EE0C7-1881-43F3-AFF1-47F99566730F}.Release|Any CPU.ActiveCfg = Release|Any CPU
		{943EE0C7-1881-43F3-AFF1-47F99566730F}.Release|Any CPU.Build.0 = Release|Any CPU
	EndGlobalSection
	GlobalSection(SolutionProperties) = preSolution
		HideSolutionNode = FALSE
	EndGlobalSection
EndGlobal
