
Microsoft Visual Studio Solution File, Format Version 10.00
# Visual Studio 2008
Project("{FAE04EC0-301F-11D3-BF4B-00C04F79EFBC}") = "VariableDefinitionSample", "VariableDefinitionSample\VariableDefinitionSample.csproj", "{A4869D5A-0632-46D6-982C-BE974F856628}"
EndProject
Project("{FAE04EC0-301F-11D3-BF4B-00C04F79EFBC}") = "NameScopeSample", "NameScopeSample\NameScopeSample.csproj", "{F0CB2047-57D5-4AA9-9094-B700E1025BB3}"
EndProject
Global
	GlobalSection(SolutionConfigurationPlatforms) = preSolution
		Debug|Any CPU = Debug|Any CPU
		Release|Any CPU = Release|Any CPU
	EndGlobalSection
	GlobalSection(ProjectConfigurationPlatforms) = postSolution
		{A4869D5A-0632-46D6-982C-BE974F856628}.Debug|Any CPU.ActiveCfg = Debug|Any CPU
		{A4869D5A-0632-46D6-982C-BE974F856628}.Debug|Any CPU.Build.0 = Debug|Any CPU
		{A4869D5A-0632-46D6-982C-BE974F856628}.Release|Any CPU.ActiveCfg = Release|Any CPU
		{A4869D5A-0632-46D6-982C-BE974F856628}.Release|Any CPU.Build.0 = Release|Any CPU
		{F0CB2047-57D5-4AA9-9094-B700E1025BB3}.Debug|Any CPU.ActiveCfg = Debug|Any CPU
		{F0CB2047-57D5-4AA9-9094-B700E1025BB3}.Debug|Any CPU.Build.0 = Debug|Any CPU
		{F0CB2047-57D5-4AA9-9094-B700E1025BB3}.Release|Any CPU.ActiveCfg = Release|Any CPU
		{F0CB2047-57D5-4AA9-9094-B700E1025BB3}.Release|Any CPU.Build.0 = Release|Any CPU
	EndGlobalSection
	GlobalSection(SolutionProperties) = preSolution
		HideSolutionNode = FALSE
	EndGlobalSection
EndGlobal
