
Microsoft Visual Studio Solution File, Format Version 11.00
# Visual Studio 2010
Project("{FAE04EC0-301F-11D3-BF4B-00C04F79EFBC}") = "WindowsFormsApplication9", "WindowsFormsApplication9\WindowsFormsApplication9.csproj", "{B822926A-F176-4D28-931F-A5FCBCCB764E}"
EndProject
Global
	GlobalSection(SolutionConfigurationPlatforms) = preSolution
		Debug|x86 = Debug|x86
		Release|x86 = Release|x86
	EndGlobalSection
	GlobalSection(ProjectConfigurationPlatforms) = postSolution
		{B822926A-F176-4D28-931F-A5FCBCCB764E}.Debug|x86.ActiveCfg = Debug|x86
		{B822926A-F176-4D28-931F-A5FCBCCB764E}.Debug|x86.Build.0 = Debug|x86
		{B822926A-F176-4D28-931F-A5FCBCCB764E}.Release|x86.ActiveCfg = Release|x86
		{B822926A-F176-4D28-931F-A5FCBCCB764E}.Release|x86.Build.0 = Release|x86
	EndGlobalSection
	GlobalSection(SolutionProperties) = preSolution
		HideSolutionNode = FALSE
	EndGlobalSection
EndGlobal
