
Microsoft Visual Studio Solution File, Format Version 10.00
# Visual Studio 2008
Project("{FAE04EC0-301F-11D3-BF4B-00C04F79EFBC}") = "EventSync", "EventSync\EventSync.csproj", "{8416C3BD-9C07-4806-8327-5D6DB54149E1}"
EndProject
Global
	GlobalSection(SolutionConfigurationPlatforms) = preSolution
		Debug|Any CPU = Debug|Any CPU
		Release|Any CPU = Release|Any CPU
	EndGlobalSection
	GlobalSection(ProjectConfigurationPlatforms) = postSolution
		{8416C3BD-9C07-4806-8327-5D6DB54149E1}.Debug|Any CPU.ActiveCfg = Debug|Any CPU
		{8416C3BD-9C07-4806-8327-5D6DB54149E1}.Debug|Any CPU.Build.0 = Debug|Any CPU
		{8416C3BD-9C07-4806-8327-5D6DB54149E1}.Release|Any CPU.ActiveCfg = Release|Any CPU
		{8416C3BD-9C07-4806-8327-5D6DB54149E1}.Release|Any CPU.Build.0 = Release|Any CPU
	EndGlobalSection
	GlobalSection(SolutionProperties) = preSolution
		HideSolutionNode = FALSE
	EndGlobalSection
EndGlobal
