
Microsoft Visual Studio Solution File, Format Version 10.00
# Visual Studio 2008
Project("{FAE04EC0-301F-11D3-BF4B-00C04F79EFBC}") = "TaskManagerCS", "TaskManagerCS\TaskManagerCS.csproj", "{A3009FD7-CA42-4E09-A878-C77492E05EDB}"
EndProject
Global
	GlobalSection(SolutionConfigurationPlatforms) = preSolution
		Debug|Any CPU = Debug|Any CPU
		Release|Any CPU = Release|Any CPU
	EndGlobalSection
	GlobalSection(ProjectConfigurationPlatforms) = postSolution
		{A3009FD7-CA42-4E09-A878-C77492E05EDB}.Debug|Any CPU.ActiveCfg = Debug|Any CPU
		{A3009FD7-CA42-4E09-A878-C77492E05EDB}.Debug|Any CPU.Build.0 = Debug|Any CPU
		{A3009FD7-CA42-4E09-A878-C77492E05EDB}.Release|Any CPU.ActiveCfg = Release|Any CPU
		{A3009FD7-CA42-4E09-A878-C77492E05EDB}.Release|Any CPU.Build.0 = Release|Any CPU
	EndGlobalSection
	GlobalSection(SolutionProperties) = preSolution
		HideSolutionNode = FALSE
	EndGlobalSection
EndGlobal
