
Microsoft Visual Studio Solution File, Format Version 10.00
# Visual Studio 2008
Project("{FAE04EC0-301F-11D3-BF4B-00C04F79EFBC}") = "RegionOperations", "RegionOperations\RegionOperations.csproj", "{AEED3A73-72F6-4D9E-A466-81BF573A2697}"
EndProject
Global
	GlobalSection(SolutionConfigurationPlatforms) = preSolution
		Debug|Any CPU = Debug|Any CPU
		Release|Any CPU = Release|Any CPU
	EndGlobalSection
	GlobalSection(ProjectConfigurationPlatforms) = postSolution
		{AEED3A73-72F6-4D9E-A466-81BF573A2697}.Debug|Any CPU.ActiveCfg = Debug|Any CPU
		{AEED3A73-72F6-4D9E-A466-81BF573A2697}.Debug|Any CPU.Build.0 = Debug|Any CPU
		{AEED3A73-72F6-4D9E-A466-81BF573A2697}.Release|Any CPU.ActiveCfg = Release|Any CPU
		{AEED3A73-72F6-4D9E-A466-81BF573A2697}.Release|Any CPU.Build.0 = Release|Any CPU
	EndGlobalSection
	GlobalSection(SolutionProperties) = preSolution
		HideSolutionNode = FALSE
	EndGlobalSection
EndGlobal
