
Microsoft Visual Studio Solution File, Format Version 10.00
# Visual Studio 2008
Project("{FAE04EC0-301F-11D3-BF4B-00C04F79EFBC}") = "PageCoordinates", "PageCoordinates\PageCoordinates.csproj", "{8DDF488C-0035-4381-95E5-171536AFDBB4}"
EndProject
Global
	GlobalSection(SolutionConfigurationPlatforms) = preSolution
		Debug|Any CPU = Debug|Any CPU
		Release|Any CPU = Release|Any CPU
	EndGlobalSection
	GlobalSection(ProjectConfigurationPlatforms) = postSolution
		{8DDF488C-0035-4381-95E5-171536AFDBB4}.Debug|Any CPU.ActiveCfg = Debug|Any CPU
		{8DDF488C-0035-4381-95E5-171536AFDBB4}.Debug|Any CPU.Build.0 = Debug|Any CPU
		{8DDF488C-0035-4381-95E5-171536AFDBB4}.Release|Any CPU.ActiveCfg = Release|Any CPU
		{8DDF488C-0035-4381-95E5-171536AFDBB4}.Release|Any CPU.Build.0 = Release|Any CPU
	EndGlobalSection
	GlobalSection(SolutionProperties) = preSolution
		HideSolutionNode = FALSE
	EndGlobalSection
EndGlobal
