
Microsoft Visual Studio Solution File, Format Version 10.00
# Visual Studio 2008
Project("{FAE04EC0-301F-11D3-BF4B-00C04F79EFBC}") = "TimerTest", "TimerTest\TimerTest.csproj", "{6DD91FC4-9CA3-45F5-B2CB-ED5529C948BD}"
EndProject
Global
	GlobalSection(SolutionConfigurationPlatforms) = preSolution
		Debug|Any CPU = Debug|Any CPU
		Release|Any CPU = Release|Any CPU
	EndGlobalSection
	GlobalSection(ProjectConfigurationPlatforms) = postSolution
		{6DD91FC4-9CA3-45F5-B2CB-ED5529C948BD}.Debug|Any CPU.ActiveCfg = Debug|Any CPU
		{6DD91FC4-9CA3-45F5-B2CB-ED5529C948BD}.Debug|Any CPU.Build.0 = Debug|Any CPU
		{6DD91FC4-9CA3-45F5-B2CB-ED5529C948BD}.Release|Any CPU.ActiveCfg = Release|Any CPU
		{6DD91FC4-9CA3-45F5-B2CB-ED5529C948BD}.Release|Any CPU.Build.0 = Release|Any CPU
	EndGlobalSection
	GlobalSection(SolutionProperties) = preSolution
		HideSolutionNode = FALSE
	EndGlobalSection
EndGlobal
