
Microsoft Visual Studio Solution File, Format Version 10.00
# Visual Studio 2008
Project("{FAE04EC0-301F-11D3-BF4B-00C04F79EFBC}") = "FileSearch", "FileSearch\FileSearch.csproj", "{BE036E23-D983-4BB3-A033-F7A9AE8C47F0}"
EndProject
Global
	GlobalSection(SolutionConfigurationPlatforms) = preSolution
		Debug|Any CPU = Debug|Any CPU
		Release|Any CPU = Release|Any CPU
	EndGlobalSection
	GlobalSection(ProjectConfigurationPlatforms) = postSolution
		{BE036E23-D983-4BB3-A033-F7A9AE8C47F0}.Debug|Any CPU.ActiveCfg = Debug|Any CPU
		{BE036E23-D983-4BB3-A033-F7A9AE8C47F0}.Debug|Any CPU.Build.0 = Debug|Any CPU
		{BE036E23-D983-4BB3-A033-F7A9AE8C47F0}.Release|Any CPU.ActiveCfg = Release|Any CPU
		{BE036E23-D983-4BB3-A033-F7A9AE8C47F0}.Release|Any CPU.Build.0 = Release|Any CPU
	EndGlobalSection
	GlobalSection(SolutionProperties) = preSolution
		HideSolutionNode = FALSE
	EndGlobalSection
EndGlobal
