
Microsoft Visual Studio Solution File, Format Version 10.00
# Visual Studio 2008
Project("{FAE04EC0-301F-11D3-BF4B-00C04F79EFBC}") = "MyConsoleMenu", "MyConsoleMenu\MyConsoleMenu.csproj", "{230D3677-6342-404E-A88A-D50D65BCB594}"
EndProject
Project("{FAE04EC0-301F-11D3-BF4B-00C04F79EFBC}") = "Helpers", "Helpers\Helpers.csproj", "{1D0C1351-5278-4FED-B6B2-6A6E90ACAE46}"
EndProject
Global
	GlobalSection(SolutionConfigurationPlatforms) = preSolution
		Debug|Any CPU = Debug|Any CPU
		Release|Any CPU = Release|Any CPU
	EndGlobalSection
	GlobalSection(ProjectConfigurationPlatforms) = postSolution
		{230D3677-6342-404E-A88A-D50D65BCB594}.Debug|Any CPU.ActiveCfg = Debug|Any CPU
		{230D3677-6342-404E-A88A-D50D65BCB594}.Debug|Any CPU.Build.0 = Debug|Any CPU
		{230D3677-6342-404E-A88A-D50D65BCB594}.Release|Any CPU.ActiveCfg = Release|Any CPU
		{230D3677-6342-404E-A88A-D50D65BCB594}.Release|Any CPU.Build.0 = Release|Any CPU
		{1D0C1351-5278-4FED-B6B2-6A6E90ACAE46}.Debug|Any CPU.ActiveCfg = Debug|Any CPU
		{1D0C1351-5278-4FED-B6B2-6A6E90ACAE46}.Debug|Any CPU.Build.0 = Debug|Any CPU
		{1D0C1351-5278-4FED-B6B2-6A6E90ACAE46}.Release|Any CPU.ActiveCfg = Release|Any CPU
		{1D0C1351-5278-4FED-B6B2-6A6E90ACAE46}.Release|Any CPU.Build.0 = Release|Any CPU
	EndGlobalSection
	GlobalSection(SolutionProperties) = preSolution
		HideSolutionNode = FALSE
	EndGlobalSection
EndGlobal
