
Microsoft Visual Studio Solution File, Format Version 10.00
# Visual Studio 2008
Project("{FAE04EC0-301F-11D3-BF4B-00C04F79EFBC}") = "RoundButton", "RoundButton\RoundButton.csproj", "{226D54F0-FCF0-420B-A2CB-CD8288A1A75B}"
EndProject
Project("{FAE04EC0-301F-11D3-BF4B-00C04F79EFBC}") = "Test", "Test\Test.csproj", "{F1BDBBC1-9B8A-4075-B9B7-16CCC40241F3}"
EndProject
Global
	GlobalSection(SolutionConfigurationPlatforms) = preSolution
		Debug|Any CPU = Debug|Any CPU
		Release|Any CPU = Release|Any CPU
	EndGlobalSection
	GlobalSection(ProjectConfigurationPlatforms) = postSolution
		{226D54F0-FCF0-420B-A2CB-CD8288A1A75B}.Debug|Any CPU.ActiveCfg = Debug|Any CPU
		{226D54F0-FCF0-420B-A2CB-CD8288A1A75B}.Debug|Any CPU.Build.0 = Debug|Any CPU
		{226D54F0-FCF0-420B-A2CB-CD8288A1A75B}.Release|Any CPU.ActiveCfg = Release|Any CPU
		{226D54F0-FCF0-420B-A2CB-CD8288A1A75B}.Release|Any CPU.Build.0 = Release|Any CPU
		{F1BDBBC1-9B8A-4075-B9B7-16CCC40241F3}.Debug|Any CPU.ActiveCfg = Debug|Any CPU
		{F1BDBBC1-9B8A-4075-B9B7-16CCC40241F3}.Debug|Any CPU.Build.0 = Debug|Any CPU
		{F1BDBBC1-9B8A-4075-B9B7-16CCC40241F3}.Release|Any CPU.ActiveCfg = Release|Any CPU
		{F1BDBBC1-9B8A-4075-B9B7-16CCC40241F3}.Release|Any CPU.Build.0 = Release|Any CPU
	EndGlobalSection
	GlobalSection(SolutionProperties) = preSolution
		HideSolutionNode = FALSE
	EndGlobalSection
EndGlobal
