
Microsoft Visual Studio Solution File, Format Version 10.00
# Visual Studio 2008
Project("{8BC9CEB8-8B4A-11D0-8D11-00A0C91BC942}") = "leson_4_1", "leson_4_1\leson_4_1.vcproj", "{528FE375-9FA4-4DC5-BBD8-997E8EA2B25E}"
EndProject
Project("{8BC9CEB8-8B4A-11D0-8D11-00A0C91BC942}") = "consol_get_devise_caps_use", "consol_get_devise_caps_use\consol_get_devise_caps_use.vcproj", "{CBEB749B-668A-4D94-9B28-979A0883A10E}"
EndProject
Global
	GlobalSection(SolutionConfigurationPlatforms) = preSolution
		Debug|Win32 = Debug|Win32
		Release|Win32 = Release|Win32
	EndGlobalSection
	GlobalSection(ProjectConfigurationPlatforms) = postSolution
		{528FE375-9FA4-4DC5-BBD8-997E8EA2B25E}.Debug|Win32.ActiveCfg = Debug|Win32
		{528FE375-9FA4-4DC5-BBD8-997E8EA2B25E}.Debug|Win32.Build.0 = Debug|Win32
		{528FE375-9FA4-4DC5-BBD8-997E8EA2B25E}.Release|Win32.ActiveCfg = Release|Win32
		{528FE375-9FA4-4DC5-BBD8-997E8EA2B25E}.Release|Win32.Build.0 = Release|Win32
		{CBEB749B-668A-4D94-9B28-979A0883A10E}.Debug|Win32.ActiveCfg = Debug|Win32
		{CBEB749B-668A-4D94-9B28-979A0883A10E}.Debug|Win32.Build.0 = Debug|Win32
		{CBEB749B-668A-4D94-9B28-979A0883A10E}.Release|Win32.ActiveCfg = Release|Win32
		{CBEB749B-668A-4D94-9B28-979A0883A10E}.Release|Win32.Build.0 = Release|Win32
	EndGlobalSection
	GlobalSection(SolutionProperties) = preSolution
		HideSolutionNode = FALSE
	EndGlobalSection
EndGlobal
