
Microsoft Visual Studio Solution File, Format Version 10.00
# Visual Studio 2008
Project("{FAE04EC0-301F-11D3-BF4B-00C04F79EFBC}") = "ConsoleApplication1", "ConsoleApplication1.csproj", "{99732DCA-3500-4307-8A58-86A65367F99C}"
EndProject
Project("{FAE04EC0-301F-11D3-BF4B-00C04F79EFBC}") = "MatrixHandler", "..\MatrixHandler\MatrixHandler.csproj", "{67ADDE15-D821-474D-B5BB-B2367ED178F0}"
EndProject
Global
	GlobalSection(SolutionConfigurationPlatforms) = preSolution
		Debug|Any CPU = Debug|Any CPU
		Release|Any CPU = Release|Any CPU
	EndGlobalSection
	GlobalSection(ProjectConfigurationPlatforms) = postSolution
		{99732DCA-3500-4307-8A58-86A65367F99C}.Debug|Any CPU.ActiveCfg = Debug|Any CPU
		{99732DCA-3500-4307-8A58-86A65367F99C}.Debug|Any CPU.Build.0 = Debug|Any CPU
		{99732DCA-3500-4307-8A58-86A65367F99C}.Release|Any CPU.ActiveCfg = Release|Any CPU
		{99732DCA-3500-4307-8A58-86A65367F99C}.Release|Any CPU.Build.0 = Release|Any CPU
		{67ADDE15-D821-474D-B5BB-B2367ED178F0}.Debug|Any CPU.ActiveCfg = Debug|Any CPU
		{67ADDE15-D821-474D-B5BB-B2367ED178F0}.Debug|Any CPU.Build.0 = Debug|Any CPU
		{67ADDE15-D821-474D-B5BB-B2367ED178F0}.Release|Any CPU.ActiveCfg = Release|Any CPU
		{67ADDE15-D821-474D-B5BB-B2367ED178F0}.Release|Any CPU.Build.0 = Release|Any CPU
	EndGlobalSection
	GlobalSection(SolutionProperties) = preSolution
		HideSolutionNode = FALSE
	EndGlobalSection
EndGlobal
