
Microsoft Visual Studio Solution File, Format Version 10.00
# Visual Studio 2008
Project("{FAE04EC0-301F-11D3-BF4B-00C04F79EFBC}") = "GetImagesNames1", "GetImagesNames1\GetImagesNames1.csproj", "{EA22E6C2-5238-45C5-B899-54451577984A}"
EndProject
Global
	GlobalSection(SolutionConfigurationPlatforms) = preSolution
		Debug|Any CPU = Debug|Any CPU
		Release|Any CPU = Release|Any CPU
	EndGlobalSection
	GlobalSection(ProjectConfigurationPlatforms) = postSolution
		{EA22E6C2-5238-45C5-B899-54451577984A}.Debug|Any CPU.ActiveCfg = Debug|Any CPU
		{EA22E6C2-5238-45C5-B899-54451577984A}.Debug|Any CPU.Build.0 = Debug|Any CPU
		{EA22E6C2-5238-45C5-B899-54451577984A}.Release|Any CPU.ActiveCfg = Release|Any CPU
		{EA22E6C2-5238-45C5-B899-54451577984A}.Release|Any CPU.Build.0 = Release|Any CPU
	EndGlobalSection
	GlobalSection(SolutionProperties) = preSolution
		HideSolutionNode = FALSE
	EndGlobalSection
EndGlobal
