
Microsoft Visual Studio Solution File, Format Version 10.00
# Visual Studio 2008
Project("{FAE04EC0-301F-11D3-BF4B-00C04F79EFBC}") = "ImageTransformation", "ImageTransformation\ImageTransformation.csproj", "{A10DBBCB-235D-46E4-A09E-27A61EB40F88}"
EndProject
Global
	GlobalSection(SolutionConfigurationPlatforms) = preSolution
		Debug|Any CPU = Debug|Any CPU
		Release|Any CPU = Release|Any CPU
	EndGlobalSection
	GlobalSection(ProjectConfigurationPlatforms) = postSolution
		{A10DBBCB-235D-46E4-A09E-27A61EB40F88}.Debug|Any CPU.ActiveCfg = Debug|Any CPU
		{A10DBBCB-235D-46E4-A09E-27A61EB40F88}.Debug|Any CPU.Build.0 = Debug|Any CPU
		{A10DBBCB-235D-46E4-A09E-27A61EB40F88}.Release|Any CPU.ActiveCfg = Release|Any CPU
		{A10DBBCB-235D-46E4-A09E-27A61EB40F88}.Release|Any CPU.Build.0 = Release|Any CPU
	EndGlobalSection
	GlobalSection(SolutionProperties) = preSolution
		HideSolutionNode = FALSE
	EndGlobalSection
EndGlobal
