
Microsoft Visual Studio Solution File, Format Version 10.00
# Visual Studio 2008
Project("{8BC9CEB8-8B4A-11D0-8D11-00A0C91BC942}") = "dom_12", "dom_12\dom_12.vcproj", "{2B3C9378-8C33-4178-BBAE-24F535D92BAF}"
EndProject
Project("{8BC9CEB8-8B4A-11D0-8D11-00A0C91BC942}") = "proc_list", "proc_list\proc_list.vcproj", "{E9A2E3A0-DB8B-49D0-857C-6E14C2B98FCF}"
EndProject
Global
	GlobalSection(SolutionConfigurationPlatforms) = preSolution
		Debug|Win32 = Debug|Win32
		Release|Win32 = Release|Win32
	EndGlobalSection
	GlobalSection(ProjectConfigurationPlatforms) = postSolution
		{2B3C9378-8C33-4178-BBAE-24F535D92BAF}.Debug|Win32.ActiveCfg = Debug|Win32
		{2B3C9378-8C33-4178-BBAE-24F535D92BAF}.Debug|Win32.Build.0 = Debug|Win32
		{2B3C9378-8C33-4178-BBAE-24F535D92BAF}.Release|Win32.ActiveCfg = Release|Win32
		{2B3C9378-8C33-4178-BBAE-24F535D92BAF}.Release|Win32.Build.0 = Release|Win32
		{E9A2E3A0-DB8B-49D0-857C-6E14C2B98FCF}.Debug|Win32.ActiveCfg = Debug|Win32
		{E9A2E3A0-DB8B-49D0-857C-6E14C2B98FCF}.Debug|Win32.Build.0 = Debug|Win32
		{E9A2E3A0-DB8B-49D0-857C-6E14C2B98FCF}.Release|Win32.ActiveCfg = Release|Win32
		{E9A2E3A0-DB8B-49D0-857C-6E14C2B98FCF}.Release|Win32.Build.0 = Release|Win32
	EndGlobalSection
	GlobalSection(SolutionProperties) = preSolution
		HideSolutionNode = FALSE
	EndGlobalSection
EndGlobal
