
Microsoft Visual Studio Solution File, Format Version 10.00
# Visual Studio 2008
Project("{FAE04EC0-301F-11D3-BF4B-00C04F79EFBC}") = "GarbageCollectorDemo", "GarbageCollectorDemo.csproj", "{82BD13AD-3C33-4AEF-B876-3E6D284FB48B}"
EndProject
Global
	GlobalSection(SolutionConfigurationPlatforms) = preSolution
		Debug|Any CPU = Debug|Any CPU
		Release|Any CPU = Release|Any CPU
	EndGlobalSection
	GlobalSection(ProjectConfigurationPlatforms) = postSolution
		{82BD13AD-3C33-4AEF-B876-3E6D284FB48B}.Debug|Any CPU.ActiveCfg = Debug|Any CPU
		{82BD13AD-3C33-4AEF-B876-3E6D284FB48B}.Debug|Any CPU.Build.0 = Debug|Any CPU
		{82BD13AD-3C33-4AEF-B876-3E6D284FB48B}.Release|Any CPU.ActiveCfg = Release|Any CPU
		{82BD13AD-3C33-4AEF-B876-3E6D284FB48B}.Release|Any CPU.Build.0 = Release|Any CPU
	EndGlobalSection
	GlobalSection(SolutionProperties) = preSolution
		HideSolutionNode = FALSE
	EndGlobalSection
EndGlobal
