
Microsoft Visual Studio Solution File, Format Version 10.00
# Visual Studio 2008
Project("{8BC9CEB8-8B4A-11D0-8D11-00A0C91BC942}") = "WinFormsC++", "WinFormsC++\WinFormsC++.vcproj", "{C412D45D-0BC9-4095-91F3-1041C1942C9B}"
EndProject
Global
	GlobalSection(SolutionConfigurationPlatforms) = preSolution
		Debug|Win32 = Debug|Win32
		Release|Win32 = Release|Win32
	EndGlobalSection
	GlobalSection(ProjectConfigurationPlatforms) = postSolution
		{C412D45D-0BC9-4095-91F3-1041C1942C9B}.Debug|Win32.ActiveCfg = Debug|Win32
		{C412D45D-0BC9-4095-91F3-1041C1942C9B}.Debug|Win32.Build.0 = Debug|Win32
		{C412D45D-0BC9-4095-91F3-1041C1942C9B}.Release|Win32.ActiveCfg = Release|Win32
		{C412D45D-0BC9-4095-91F3-1041C1942C9B}.Release|Win32.Build.0 = Release|Win32
	EndGlobalSection
	GlobalSection(SolutionProperties) = preSolution
		HideSolutionNode = FALSE
	EndGlobalSection
EndGlobal
