
Microsoft Visual Studio Solution File, Format Version 11.00
# Visual Studio 2010
Project("{FAE04EC0-301F-11D3-BF4B-00C04F79EFBC}") = "ParrotToPythonConverter", "ParrotToPythonConverter\ParrotToPythonConverter.csproj", "{624684B6-7639-45C1-9118-6B4375A8C914}"
EndProject
Project("{FAE04EC0-301F-11D3-BF4B-00C04F79EFBC}") = "ConverterClient", "ConverterClient\ConverterClient.csproj", "{5F3B463F-E5A5-4EF9-B163-C9A7EE80760D}"
	ProjectSection(ProjectDependencies) = postProject
		{624684B6-7639-45C1-9118-6B4375A8C914} = {624684B6-7639-45C1-9118-6B4375A8C914}
	EndProjectSection
EndProject
Global
	GlobalSection(SolutionConfigurationPlatforms) = preSolution
		Debug|Any CPU = Debug|Any CPU
		Debug|Mixed Platforms = Debug|Mixed Platforms
		Debug|x86 = Debug|x86
		Release|Any CPU = Release|Any CPU
		Release|Mixed Platforms = Release|Mixed Platforms
		Release|x86 = Release|x86
	EndGlobalSection
	GlobalSection(ProjectConfigurationPlatforms) = postSolution
		{624684B6-7639-45C1-9118-6B4375A8C914}.Debug|Any CPU.ActiveCfg = Debug|Any CPU
		{624684B6-7639-45C1-9118-6B4375A8C914}.Debug|Any CPU.Build.0 = Debug|Any CPU
		{624684B6-7639-45C1-9118-6B4375A8C914}.Debug|Mixed Platforms.ActiveCfg = Debug|Any CPU
		{624684B6-7639-45C1-9118-6B4375A8C914}.Debug|Mixed Platforms.Build.0 = Debug|Any CPU
		{624684B6-7639-45C1-9118-6B4375A8C914}.Debug|x86.ActiveCfg = Debug|Any CPU
		{624684B6-7639-45C1-9118-6B4375A8C914}.Release|Any CPU.ActiveCfg = Release|Any CPU
		{624684B6-7639-45C1-9118-6B4375A8C914}.Release|Any CPU.Build.0 = Release|Any CPU
		{624684B6-7639-45C1-9118-6B4375A8C914}.Release|Mixed Platforms.ActiveCfg = Release|Any CPU
		{624684B6-7639-45C1-9118-6B4375A8C914}.Release|Mixed Platforms.Build.0 = Release|Any CPU
		{624684B6-7639-45C1-9118-6B4375A8C914}.Release|x86.ActiveCfg = Release|Any CPU
		{5F3B463F-E5A5-4EF9-B163-C9A7EE80760D}.Debug|Any CPU.ActiveCfg = Debug|x86
		{5F3B463F-E5A5-4EF9-B163-C9A7EE80760D}.Debug|Mixed Platforms.ActiveCfg = Debug|x86
		{5F3B463F-E5A5-4EF9-B163-C9A7EE80760D}.Debug|Mixed Platforms.Build.0 = Debug|x86
		{5F3B463F-E5A5-4EF9-B163-C9A7EE80760D}.Debug|x86.ActiveCfg = Debug|x86
		{5F3B463F-E5A5-4EF9-B163-C9A7EE80760D}.Debug|x86.Build.0 = Debug|x86
		{5F3B463F-E5A5-4EF9-B163-C9A7EE80760D}.Release|Any CPU.ActiveCfg = Release|x86
		{5F3B463F-E5A5-4EF9-B163-C9A7EE80760D}.Release|Mixed Platforms.ActiveCfg = Release|x86
		{5F3B463F-E5A5-4EF9-B163-C9A7EE80760D}.Release|Mixed Platforms.Build.0 = Release|x86
		{5F3B463F-E5A5-4EF9-B163-C9A7EE80760D}.Release|x86.ActiveCfg = Release|x86
		{5F3B463F-E5A5-4EF9-B163-C9A7EE80760D}.Release|x86.Build.0 = Release|x86
	EndGlobalSection
	GlobalSection(SolutionProperties) = preSolution
		HideSolutionNode = FALSE
	EndGlobalSection
EndGlobal
