
Microsoft Visual Studio Solution File, Format Version 10.00
# Visual Studio 2008
Project("{FAE04EC0-301F-11D3-BF4B-00C04F79EFBC}") = "SimpleProject", "SimpleProject\SimpleProject.csproj", "{AC748D3D-10A2-474B-814F-4A8EC307E338}"
EndProject
Global
	GlobalSection(SolutionConfigurationPlatforms) = preSolution
		Debug|Any CPU = Debug|Any CPU
		Release|Any CPU = Release|Any CPU
	EndGlobalSection
	GlobalSection(ProjectConfigurationPlatforms) = postSolution
		{AC748D3D-10A2-474B-814F-4A8EC307E338}.Debug|Any CPU.ActiveCfg = Debug|Any CPU
		{AC748D3D-10A2-474B-814F-4A8EC307E338}.Debug|Any CPU.Build.0 = Debug|Any CPU
		{AC748D3D-10A2-474B-814F-4A8EC307E338}.Release|Any CPU.ActiveCfg = Release|Any CPU
		{AC748D3D-10A2-474B-814F-4A8EC307E338}.Release|Any CPU.Build.0 = Release|Any CPU
	EndGlobalSection
	GlobalSection(SolutionProperties) = preSolution
		HideSolutionNode = FALSE
	EndGlobalSection
EndGlobal
