
Microsoft Visual Studio Solution File, Format Version 10.00
# Visual Studio 2008
Project("{FAE04EC0-301F-11D3-BF4B-00C04F79EFBC}") = "KeyLogger.Net", "KeyLogger.Net\KeyLogger.Net.csproj", "{C5968A00-0B32-46BF-B181-C34D5C4AB0A0}"
EndProject
Global
	GlobalSection(SolutionConfigurationPlatforms) = preSolution
		Debug|Any CPU = Debug|Any CPU
		Release|Any CPU = Release|Any CPU
	EndGlobalSection
	GlobalSection(ProjectConfigurationPlatforms) = postSolution
		{C5968A00-0B32-46BF-B181-C34D5C4AB0A0}.Debug|Any CPU.ActiveCfg = Debug|Any CPU
		{C5968A00-0B32-46BF-B181-C34D5C4AB0A0}.Debug|Any CPU.Build.0 = Debug|Any CPU
		{C5968A00-0B32-46BF-B181-C34D5C4AB0A0}.Release|Any CPU.ActiveCfg = Release|Any CPU
		{C5968A00-0B32-46BF-B181-C34D5C4AB0A0}.Release|Any CPU.Build.0 = Release|Any CPU
	EndGlobalSection
	GlobalSection(SolutionProperties) = preSolution
		HideSolutionNode = FALSE
	EndGlobalSection
EndGlobal
