
Microsoft Visual Studio Solution File, Format Version 10.00
# Visual Studio 2008
Project("{FAE04EC0-301F-11D3-BF4B-00C04F79EFBC}") = "MatrixExample", "MatrixExample\MatrixExample.csproj", "{F5903048-0648-459A-A453-908347B5F36E}"
EndProject
Global
	GlobalSection(SolutionConfigurationPlatforms) = preSolution
		Debug|Any CPU = Debug|Any CPU
		Release|Any CPU = Release|Any CPU
	EndGlobalSection
	GlobalSection(ProjectConfigurationPlatforms) = postSolution
		{F5903048-0648-459A-A453-908347B5F36E}.Debug|Any CPU.ActiveCfg = Debug|Any CPU
		{F5903048-0648-459A-A453-908347B5F36E}.Debug|Any CPU.Build.0 = Debug|Any CPU
		{F5903048-0648-459A-A453-908347B5F36E}.Release|Any CPU.ActiveCfg = Release|Any CPU
		{F5903048-0648-459A-A453-908347B5F36E}.Release|Any CPU.Build.0 = Release|Any CPU
	EndGlobalSection
	GlobalSection(SolutionProperties) = preSolution
		HideSolutionNode = FALSE
	EndGlobalSection
EndGlobal
